
Microsoft Visual Studio Solution File, Format Version 12.00
# Visual Studio Version 16
VisualStudioVersion = 16.0.29709.97
MinimumVisualStudioVersion = 10.0.40219.1
Project("{9A19103F-16F7-4668-BE54-9A1E7A4F7556}") = "SimpleNotes.Api", "SimpleNote.Api\SimpleNotes.Api.csproj", "{5868BFAC-A42C-4FDC-A47A-724864326F3F}"
EndProject
Project("{FAE04EC0-301F-11D3-BF4B-00C04F79EFBC}") = "SimpleNotes.Crypto", "SimpleNotes.Crypto\SimpleNotes.Crypto.csproj", "{A0B457F7-AADD-4424-B7AC-D62837E410C7}"
EndProject
Project("{2150E333-8FDC-42A3-9474-1A3956D46DE8}") = "Tests", "Tests", "{F2D2B8DA-C3C2-4C71-A8BB-8ACD41540577}"
EndProject
Project("{FAE04EC0-301F-11D3-BF4B-00C04F79EFBC}") = "SimpleNotes.Crypto.Tests", "SimpleNotes.Crypto.Tests\SimpleNotes.Crypto.Tests.csproj", "{AF817C30-45AD-4189-8BF7-8138BD8B490A}"
EndProject
Global
	GlobalSection(SolutionConfigurationPlatforms) = preSolution
		Debug|Any CPU = Debug|Any CPU
		Release|Any CPU = Release|Any CPU
	EndGlobalSection
	GlobalSection(ProjectConfigurationPlatforms) = postSolution
		{5868BFAC-A42C-4FDC-A47A-724864326F3F}.Debug|Any CPU.ActiveCfg = Debug|Any CPU
		{5868BFAC-A42C-4FDC-A47A-724864326F3F}.Debug|Any CPU.Build.0 = Debug|Any CPU
		{5868BFAC-A42C-4FDC-A47A-724864326F3F}.Release|Any CPU.ActiveCfg = Release|Any CPU
		{5868BFAC-A42C-4FDC-A47A-724864326F3F}.Release|Any CPU.Build.0 = Release|Any CPU
		{A0B457F7-AADD-4424-B7AC-D62837E410C7}.Debug|Any CPU.ActiveCfg = Debug|Any CPU
		{A0B457F7-AADD-4424-B7AC-D62837E410C7}.Debug|Any CPU.Build.0 = Debug|Any CPU
		{A0B457F7-AADD-4424-B7AC-D62837E410C7}.Release|Any CPU.ActiveCfg = Release|Any CPU
		{A0B457F7-AADD-4424-B7AC-D62837E410C7}.Release|Any CPU.Build.0 = Release|Any CPU
		{AF817C30-45AD-4189-8BF7-8138BD8B490A}.Debug|Any CPU.ActiveCfg = Debug|Any CPU
		{AF817C30-45AD-4189-8BF7-8138BD8B490A}.Debug|Any CPU.Build.0 = Debug|Any CPU
		{AF817C30-45AD-4189-8BF7-8138BD8B490A}.Release|Any CPU.ActiveCfg = Release|Any CPU
		{AF817C30-45AD-4189-8BF7-8138BD8B490A}.Release|Any CPU.Build.0 = Release|Any CPU
	EndGlobalSection
	GlobalSection(SolutionProperties) = preSolution
		HideSolutionNode = FALSE
	EndGlobalSection
	GlobalSection(NestedProjects) = preSolution
		{AF817C30-45AD-4189-8BF7-8138BD8B490A} = {F2D2B8DA-C3C2-4C71-A8BB-8ACD41540577}
	EndGlobalSection
	GlobalSection(ExtensibilityGlobals) = postSolution
		SolutionGuid = {C4444880-3272-4050-830E-BADBF3FAA2A8}
	EndGlobalSection
EndGlobal
